
Microsoft Visual Studio Solution File, Format Version 9.00
# Visual Studio 2005
Project("{FAE04EC0-301F-11D3-BF4B-00C04F79EFBC}") = "Common", "Common.csproj", "{5453D00D-8833-4726-9ED2-A03075FDE002}"
EndProject
Project("{FAE04EC0-301F-11D3-BF4B-00C04F79EFBC}") = "CommonTest", "test\CommonTest.csproj", "{DE2BE6BE-D756-41EA-B074-17175CE142D4}"
EndProject
Global
	GlobalSection(SolutionConfigurationPlatforms) = preSolution
		Debug|Any CPU = Debug|Any CPU
		Release|Any CPU = Release|Any CPU
	EndGlobalSection
	GlobalSection(ProjectConfigurationPlatforms) = postSolution
		{5453D00D-8833-4726-9ED2-A03075FDE002}.Debug|Any CPU.ActiveCfg = Debug|Any CPU
		{5453D00D-8833-4726-9ED2-A03075FDE002}.Debug|Any CPU.Build.0 = Debug|Any CPU
		{5453D00D-8833-4726-9ED2-A03075FDE002}.Release|Any CPU.ActiveCfg = Release|Any CPU
		{5453D00D-8833-4726-9ED2-A03075FDE002}.Release|Any CPU.Build.0 = Release|Any CPU
		{DE2BE6BE-D756-41EA-B074-17175CE142D4}.Debug|Any CPU.ActiveCfg = Debug|Any CPU
		{DE2BE6BE-D756-41EA-B074-17175CE142D4}.Debug|Any CPU.Build.0 = Debug|Any CPU
		{DE2BE6BE-D756-41EA-B074-17175CE142D4}.Release|Any CPU.ActiveCfg = Release|Any CPU
		{DE2BE6BE-D756-41EA-B074-17175CE142D4}.Release|Any CPU.Build.0 = Release|Any CPU
	EndGlobalSection
	GlobalSection(SolutionProperties) = preSolution
		HideSolutionNode = FALSE
	EndGlobalSection
EndGlobal
